
Microsoft Visual Studio Solution File, Format Version 12.00
# Visual Studio Version 17
VisualStudioVersion = 17.11.35431.28
MinimumVisualStudioVersion = 10.0.40219.1
Project("{2150E333-8FDC-42A3-9474-1A3956D46DE8}") = "Catalog", "Catalog", "{5E3D60FA-0AB7-4307-BFC2-91226F578C22}"
EndProject
Project("{FAE04EC0-301F-11D3-BF4B-00C04F79EFBC}") = "CatalogApi", "CatalogApi\CatalogApi.csproj", "{EA0DC454-42C3-4532-8409-3F1DAACA76A1}"
EndProject
Project("{E53339B2-1760-4266-BCC7-CA923CBCF16C}") = "docker-compose", "docker-compose.dcproj", "{31B05737-BCAB-4CB2-ADE5-EBB37AE3C119}"
EndProject
Global
	GlobalSection(SolutionConfigurationPlatforms) = preSolution
		Debug|Any CPU = Debug|Any CPU
		Release|Any CPU = Release|Any CPU
	EndGlobalSection
	GlobalSection(ProjectConfigurationPlatforms) = postSolution
		{EA0DC454-42C3-4532-8409-3F1DAACA76A1}.Debug|Any CPU.ActiveCfg = Debug|Any CPU
		{EA0DC454-42C3-4532-8409-3F1DAACA76A1}.Debug|Any CPU.Build.0 = Debug|Any CPU
		{EA0DC454-42C3-4532-8409-3F1DAACA76A1}.Release|Any CPU.ActiveCfg = Release|Any CPU
		{EA0DC454-42C3-4532-8409-3F1DAACA76A1}.Release|Any CPU.Build.0 = Release|Any CPU
		{31B05737-BCAB-4CB2-ADE5-EBB37AE3C119}.Debug|Any CPU.ActiveCfg = Debug|Any CPU
		{31B05737-BCAB-4CB2-ADE5-EBB37AE3C119}.Debug|Any CPU.Build.0 = Debug|Any CPU
		{31B05737-BCAB-4CB2-ADE5-EBB37AE3C119}.Release|Any CPU.ActiveCfg = Release|Any CPU
		{31B05737-BCAB-4CB2-ADE5-EBB37AE3C119}.Release|Any CPU.Build.0 = Release|Any CPU
	EndGlobalSection
	GlobalSection(SolutionProperties) = preSolution
		HideSolutionNode = FALSE
	EndGlobalSection
	GlobalSection(NestedProjects) = preSolution
		{EA0DC454-42C3-4532-8409-3F1DAACA76A1} = {5E3D60FA-0AB7-4307-BFC2-91226F578C22}
	EndGlobalSection
	GlobalSection(ExtensibilityGlobals) = postSolution
		SolutionGuid = {92E9BE41-FBB1-4FCD-9A4B-C204C3CF0103}
	EndGlobalSection
EndGlobal
